// !$*UTF8*$!
{
	archiveVersion = 1;
	classes = {
	};
	objectVersion = 50;
	objects = {

/* Begin PBXBuildFile section */
		691B174F209AB1DA00658A13 /* SEGOEUI.TTF in Resources */ = {isa = PBXBuildFile; fileRef = 691B174E209AB1DA00658A13 /* SEGOEUI.TTF */; };
		691B1751209ACFB600658A13 /* ScanCodeViewController.swift in Sources */ = {isa = PBXBuildFile; fileRef = 691B1750209ACFB600658A13 /* ScanCodeViewController.swift */; };
		691B1753209AD00B00658A13 /* VisitorEmailViewController.swift in Sources */ = {isa = PBXBuildFile; fileRef = 691B1752209AD00B00658A13 /* VisitorEmailViewController.swift */; };
		691B1755209AD01400658A13 /* VisitorNameViewController.swift in Sources */ = {isa = PBXBuildFile; fileRef = 691B1754209AD01400658A13 /* VisitorNameViewController.swift */; };
		691B1757209AD01B00658A13 /* HostEmailViewController.swift in Sources */ = {isa = PBXBuildFile; fileRef = 691B1756209AD01B00658A13 /* HostEmailViewController.swift */; };
		691B1759209AD02200658A13 /* HostNameViewController.swift in Sources */ = {isa = PBXBuildFile; fileRef = 691B1758209AD02200658A13 /* HostNameViewController.swift */; };
		691B175B209AD02A00658A13 /* ParkingConfirmationViewController.swift in Sources */ = {isa = PBXBuildFile; fileRef = 691B175A209AD02A00658A13 /* ParkingConfirmationViewController.swift */; };
		691B175D209AD03300658A13 /* VehicleInformationViewController.swift in Sources */ = {isa = PBXBuildFile; fileRef = 691B175C209AD03300658A13 /* VehicleInformationViewController.swift */; };
		691B175F209AD03A00658A13 /* ConfirmationViewController.swift in Sources */ = {isa = PBXBuildFile; fileRef = 691B175E209AD03A00658A13 /* ConfirmationViewController.swift */; };
		691B1761209AD0C300658A13 /* Session.swift in Sources */ = {isa = PBXBuildFile; fileRef = 691B1760209AD0C300658A13 /* Session.swift */; };
		691B1764209AD4B200658A13 /* UtilityMethods.swift in Sources */ = {isa = PBXBuildFile; fileRef = 691B1763209AD4B200658A13 /* UtilityMethods.swift */; };
		6935771C209AAF020022E235 /* AppDelegate.swift in Sources */ = {isa = PBXBuildFile; fileRef = 6935771B209AAF020022E235 /* AppDelegate.swift */; };
		69357721209AAF020022E235 /* Main.storyboard in Resources */ = {isa = PBXBuildFile; fileRef = 6935771F209AAF020022E235 /* Main.storyboard */; };
		69357723209AAF030022E235 /* Assets.xcassets in Resources */ = {isa = PBXBuildFile; fileRef = 69357722209AAF030022E235 /* Assets.xcassets */; };
		69357726209AAF030022E235 /* LaunchScreen.storyboard in Resources */ = {isa = PBXBuildFile; fileRef = 69357724209AAF030022E235 /* LaunchScreen.storyboard */; };
		69357731209AAF040022E235 /* MicrosoftArriveTests.swift in Sources */ = {isa = PBXBuildFile; fileRef = 69357730209AAF040022E235 /* MicrosoftArriveTests.swift */; };
		6935773C209AAF040022E235 /* MicrosoftArriveUITests.swift in Sources */ = {isa = PBXBuildFile; fileRef = 6935773B209AAF040022E235 /* MicrosoftArriveUITests.swift */; };
/* End PBXBuildFile section */

/* Begin PBXContainerItemProxy section */
		6935772D209AAF030022E235 /* PBXContainerItemProxy */ = {
			isa = PBXContainerItemProxy;
			containerPortal = 69357710209AAF020022E235 /* Project object */;
			proxyType = 1;
			remoteGlobalIDString = 69357717209AAF020022E235;
			remoteInfo = MicrosoftArrive;
		};
		69357738209AAF040022E235 /* PBXContainerItemProxy */ = {
			isa = PBXContainerItemProxy;
			containerPortal = 69357710209AAF020022E235 /* Project object */;
			proxyType = 1;
			remoteGlobalIDString = 69357717209AAF020022E235;
			remoteInfo = MicrosoftArrive;
		};
/* End PBXContainerItemProxy section */

/* Begin PBXFileReference section */
		691B174E209AB1DA00658A13 /* SEGOEUI.TTF */ = {isa = PBXFileReference; lastKnownFileType = file; path = SEGOEUI.TTF; sourceTree = "<group>"; };
		691B1750209ACFB600658A13 /* ScanCodeViewController.swift */ = {isa = PBXFileReference; lastKnownFileType = sourcecode.swift; path = ScanCodeViewController.swift; sourceTree = "<group>"; };
		691B1752209AD00B00658A13 /* VisitorEmailViewController.swift */ = {isa = PBXFileReference; lastKnownFileType = sourcecode.swift; path = VisitorEmailViewController.swift; sourceTree = "<group>"; };
		691B1754209AD01400658A13 /* VisitorNameViewController.swift */ = {isa = PBXFileReference; lastKnownFileType = sourcecode.swift; path = VisitorNameViewController.swift; sourceTree = "<group>"; };
		691B1756209AD01B00658A13 /* HostEmailViewController.swift */ = {isa = PBXFileReference; lastKnownFileType = sourcecode.swift; path = HostEmailViewController.swift; sourceTree = "<group>"; };
		691B1758209AD02200658A13 /* HostNameViewController.swift */ = {isa = PBXFileReference; lastKnownFileType = sourcecode.swift; path = HostNameViewController.swift; sourceTree = "<group>"; };
		691B175A209AD02A00658A13 /* ParkingConfirmationViewController.swift */ = {isa = PBXFileReference; lastKnownFileType = sourcecode.swift; path = ParkingConfirmationViewController.swift; sourceTree = "<group>"; };
		691B175C209AD03300658A13 /* VehicleInformationViewController.swift */ = {isa = PBXFileReference; lastKnownFileType = sourcecode.swift; path = VehicleInformationViewController.swift; sourceTree = "<group>"; };
		691B175E209AD03A00658A13 /* ConfirmationViewController.swift */ = {isa = PBXFileReference; lastKnownFileType = sourcecode.swift; path = ConfirmationViewController.swift; sourceTree = "<group>"; };
		691B1760209AD0C300658A13 /* Session.swift */ = {isa = PBXFileReference; lastKnownFileType = sourcecode.swift; path = Session.swift; sourceTree = "<group>"; };
		691B1763209AD4B200658A13 /* UtilityMethods.swift */ = {isa = PBXFileReference; lastKnownFileType = sourcecode.swift; path = UtilityMethods.swift; sourceTree = "<group>"; };
		69357718209AAF020022E235 /* MicrosoftArrive.app */ = {isa = PBXFileReference; explicitFileType = wrapper.application; includeInIndex = 0; path = MicrosoftArrive.app; sourceTree = BUILT_PRODUCTS_DIR; };
		6935771B209AAF020022E235 /* AppDelegate.swift */ = {isa = PBXFileReference; lastKnownFileType = sourcecode.swift; path = AppDelegate.swift; sourceTree = "<group>"; };
		69357720209AAF020022E235 /* Base */ = {isa = PBXFileReference; lastKnownFileType = file.storyboard; name = Base; path = Base.lproj/Main.storyboard; sourceTree = "<group>"; };
		69357722209AAF030022E235 /* Assets.xcassets */ = {isa = PBXFileReference; lastKnownFileType = folder.assetcatalog; path = Assets.xcassets; sourceTree = "<group>"; };
		69357725209AAF030022E235 /* Base */ = {isa = PBXFileReference; lastKnownFileType = file.storyboard; name = Base; path = Base.lproj/LaunchScreen.storyboard; sourceTree = "<group>"; };
		69357727209AAF030022E235 /* Info.plist */ = {isa = PBXFileReference; lastKnownFileType = text.plist.xml; path = Info.plist; sourceTree = "<group>"; };
		6935772C209AAF030022E235 /* MicrosoftArriveTests.xctest */ = {isa = PBXFileReference; explicitFileType = wrapper.cfbundle; includeInIndex = 0; path = MicrosoftArriveTests.xctest; sourceTree = BUILT_PRODUCTS_DIR; };
		69357730209AAF040022E235 /* MicrosoftArriveTests.swift */ = {isa = PBXFileReference; lastKnownFileType = sourcecode.swift; path = MicrosoftArriveTests.swift; sourceTree = "<group>"; };
		69357732209AAF040022E235 /* Info.plist */ = {isa = PBXFileReference; lastKnownFileType = text.plist.xml; path = Info.plist; sourceTree = "<group>"; };
		69357737209AAF040022E235 /* MicrosoftArriveUITests.xctest */ = {isa = PBXFileReference; explicitFileType = wrapper.cfbundle; includeInIndex = 0; path = MicrosoftArriveUITests.xctest; sourceTree = BUILT_PRODUCTS_DIR; };
		6935773B209AAF040022E235 /* MicrosoftArriveUITests.swift */ = {isa = PBXFileReference; lastKnownFileType = sourcecode.swift; path = MicrosoftArriveUITests.swift; sourceTree = "<group>"; };
		6935773D209AAF040022E235 /* Info.plist */ = {isa = PBXFileReference; lastKnownFileType = text.plist.xml; path = Info.plist; sourceTree = "<group>"; };
/* End PBXFileReference section */

/* Begin PBXFrameworksBuildPhase section */
		69357715209AAF020022E235 /* Frameworks */ = {
			isa = PBXFrameworksBuildPhase;
			buildActionMask = 2147483647;
			files = (
			);
			runOnlyForDeploymentPostprocessing = 0;
		};
		69357729209AAF030022E235 /* Frameworks */ = {
			isa = PBXFrameworksBuildPhase;
			buildActionMask = 2147483647;
			files = (
			);
			runOnlyForDeploymentPostprocessing = 0;
		};
		69357734209AAF040022E235 /* Frameworks */ = {
			isa = PBXFrameworksBuildPhase;
			buildActionMask = 2147483647;
			files = (
			);
			runOnlyForDeploymentPostprocessing = 0;
		};
/* End PBXFrameworksBuildPhase section */

/* Begin PBXGroup section */
		691B1762209AD0D700658A13 /* MODEL */ = {
			isa = PBXGroup;
			children = (
				691B1760209AD0C300658A13 /* Session.swift */,
			);
			path = MODEL;
			sourceTree = "<group>";
		};
		6935770F209AAF020022E235 = {
			isa = PBXGroup;
			children = (
				6935771A209AAF020022E235 /* MicrosoftArrive */,
				6935772F209AAF030022E235 /* MicrosoftArriveTests */,
				6935773A209AAF040022E235 /* MicrosoftArriveUITests */,
				69357719209AAF020022E235 /* Products */,
			);
			sourceTree = "<group>";
		};
		69357719209AAF020022E235 /* Products */ = {
			isa = PBXGroup;
			children = (
				69357718209AAF020022E235 /* MicrosoftArrive.app */,
				6935772C209AAF030022E235 /* MicrosoftArriveTests.xctest */,
				69357737209AAF040022E235 /* MicrosoftArriveUITests.xctest */,
			);
			name = Products;
			sourceTree = "<group>";
		};
		6935771A209AAF020022E235 /* MicrosoftArrive */ = {
			isa = PBXGroup;
			children = (
				691B1762209AD0D700658A13 /* MODEL */,
				6935774A209AB1460022E235 /* VIEW */,
				69357749209AB1390022E235 /* CONTROLLER */,
				69357722209AAF030022E235 /* Assets.xcassets */,
				69357727209AAF030022E235 /* Info.plist */,
				691B174E209AB1DA00658A13 /* SEGOEUI.TTF */,
			);
			path = MicrosoftArrive;
			sourceTree = "<group>";
		};
		6935772F209AAF030022E235 /* MicrosoftArriveTests */ = {
			isa = PBXGroup;
			children = (
				69357730209AAF040022E235 /* MicrosoftArriveTests.swift */,
				69357732209AAF040022E235 /* Info.plist */,
			);
			path = MicrosoftArriveTests;
			sourceTree = "<group>";
		};
		6935773A209AAF040022E235 /* MicrosoftArriveUITests */ = {
			isa = PBXGroup;
			children = (
				6935773B209AAF040022E235 /* MicrosoftArriveUITests.swift */,
				6935773D209AAF040022E235 /* Info.plist */,
			);
			path = MicrosoftArriveUITests;
			sourceTree = "<group>";
		};
		69357749209AB1390022E235 /* CONTROLLER */ = {
			isa = PBXGroup;
			children = (
				6935771B209AAF020022E235 /* AppDelegate.swift */,
				691B1750209ACFB600658A13 /* ScanCodeViewController.swift */,
				691B1752209AD00B00658A13 /* VisitorEmailViewController.swift */,
				691B1754209AD01400658A13 /* VisitorNameViewController.swift */,
				691B1758209AD02200658A13 /* HostNameViewController.swift */,
				691B1756209AD01B00658A13 /* HostEmailViewController.swift */,
				691B175A209AD02A00658A13 /* ParkingConfirmationViewController.swift */,
				691B175C209AD03300658A13 /* VehicleInformationViewController.swift */,
				691B175E209AD03A00658A13 /* ConfirmationViewController.swift */,
				691B1763209AD4B200658A13 /* UtilityMethods.swift */,
			);
			path = CONTROLLER;
			sourceTree = "<group>";
		};
		6935774A209AB1460022E235 /* VIEW */ = {
			isa = PBXGroup;
			children = (
				69357724209AAF030022E235 /* LaunchScreen.storyboard */,
				6935771F209AAF020022E235 /* Main.storyboard */,
			);
			path = VIEW;
			sourceTree = "<group>";
		};
/* End PBXGroup section */

/* Begin PBXNativeTarget section */
		69357717209AAF020022E235 /* MicrosoftArrive */ = {
			isa = PBXNativeTarget;
			buildConfigurationList = 69357740209AAF040022E235 /* Build configuration list for PBXNativeTarget "MicrosoftArrive" */;
			buildPhases = (
				69357714209AAF020022E235 /* Sources */,
				69357715209AAF020022E235 /* Frameworks */,
				69357716209AAF020022E235 /* Resources */,
			);
			buildRules = (
			);
			dependencies = (
			);
			name = MicrosoftArrive;
			productName = MicrosoftArrive;
			productReference = 69357718209AAF020022E235 /* MicrosoftArrive.app */;
			productType = "com.apple.product-type.application";
		};
		6935772B209AAF030022E235 /* MicrosoftArriveTests */ = {
			isa = PBXNativeTarget;
			buildConfigurationList = 69357743209AAF040022E235 /* Build configuration list for PBXNativeTarget "MicrosoftArriveTests" */;
			buildPhases = (
				69357728209AAF030022E235 /* Sources */,
				69357729209AAF030022E235 /* Frameworks */,
				6935772A209AAF030022E235 /* Resources */,
			);
			buildRules = (
			);
			dependencies = (
				6935772E209AAF030022E235 /* PBXTargetDependency */,
			);
			name = MicrosoftArriveTests;
			productName = MicrosoftArriveTests;
			productReference = 6935772C209AAF030022E235 /* MicrosoftArriveTests.xctest */;
			productType = "com.apple.product-type.bundle.unit-test";
		};
		69357736209AAF040022E235 /* MicrosoftArriveUITests */ = {
			isa = PBXNativeTarget;
			buildConfigurationList = 69357746209AAF040022E235 /* Build configuration list for PBXNativeTarget "MicrosoftArriveUITests" */;
			buildPhases = (
				69357733209AAF040022E235 /* Sources */,
				69357734209AAF040022E235 /* Frameworks */,
				69357735209AAF040022E235 /* Resources */,
			);
			buildRules = (
			);
			dependencies = (
				69357739209AAF040022E235 /* PBXTargetDependency */,
			);
			name = MicrosoftArriveUITests;
			productName = MicrosoftArriveUITests;
			productReference = 69357737209AAF040022E235 /* MicrosoftArriveUITests.xctest */;
			productType = "com.apple.product-type.bundle.ui-testing";
		};
/* End PBXNativeTarget section */

/* Begin PBXProject section */
		69357710209AAF020022E235 /* Project object */ = {
			isa = PBXProject;
			attributes = {
				LastSwiftUpdateCheck = 0930;
				LastUpgradeCheck = 0930;
				ORGANIZATIONNAME = "Jonell Gabriel";
				TargetAttributes = {
					69357717209AAF020022E235 = {
						CreatedOnToolsVersion = 9.3;
					};
					6935772B209AAF030022E235 = {
						CreatedOnToolsVersion = 9.3;
						TestTargetID = 69357717209AAF020022E235;
					};
					69357736209AAF040022E235 = {
						CreatedOnToolsVersion = 9.3;
						TestTargetID = 69357717209AAF020022E235;
					};
				};
			};
			buildConfigurationList = 69357713209AAF020022E235 /* Build configuration list for PBXProject "MicrosoftArrive" */;
			compatibilityVersion = "Xcode 9.3";
			developmentRegion = en;
			hasScannedForEncodings = 0;
			knownRegions = (
				en,
				Base,
			);
			mainGroup = 6935770F209AAF020022E235;
			productRefGroup = 69357719209AAF020022E235 /* Products */;
			projectDirPath = "";
			projectRoot = "";
			targets = (
				69357717209AAF020022E235 /* MicrosoftArrive */,
				6935772B209AAF030022E235 /* MicrosoftArriveTests */,
				69357736209AAF040022E235 /* MicrosoftArriveUITests */,
			);
		};
/* End PBXProject section */

/* Begin PBXResourcesBuildPhase section */
		69357716209AAF020022E235 /* Resources */ = {
			isa = PBXResourcesBuildPhase;
			buildActionMask = 2147483647;
			files = (
				691B174F209AB1DA00658A13 /* SEGOEUI.TTF in Resources */,
				69357726209AAF030022E235 /* LaunchScreen.storyboard in Resources */,
				69357723209AAF030022E235 /* Assets.xcassets in Resources */,
				69357721209AAF020022E235 /* Main.storyboard in Resources */,
			);
			runOnlyForDeploymentPostprocessing = 0;
		};
		6935772A209AAF030022E235 /* Resources */ = {
			isa = PBXResourcesBuildPhase;
			buildActionMask = 2147483647;
			files = (
			);
			runOnlyForDeploymentPostprocessing = 0;
		};
		69357735209AAF040022E235 /* Resources */ = {
			isa = PBXResourcesBuildPhase;
			buildActionMask = 2147483647;
			files = (
			);
			runOnlyForDeploymentPostprocessing = 0;
		};
/* End PBXResourcesBuildPhase section */

/* Begin PBXSourcesBuildPhase section */
		69357714209AAF020022E235 /* Sources */ = {
			isa = PBXSourcesBuildPhase;
			buildActionMask = 2147483647;
			files = (
				691B1761209AD0C300658A13 /* Session.swift in Sources */,
				691B1753209AD00B00658A13 /* VisitorEmailViewController.swift in Sources */,
				691B1751209ACFB600658A13 /* ScanCodeViewController.swift in Sources */,
				6935771C209AAF020022E235 /* AppDelegate.swift in Sources */,
				691B175F209AD03A00658A13 /* ConfirmationViewController.swift in Sources */,
				691B1755209AD01400658A13 /* VisitorNameViewController.swift in Sources */,
				691B1764209AD4B200658A13 /* UtilityMethods.swift in Sources */,
				691B1757209AD01B00658A13 /* HostEmailViewController.swift in Sources */,
				691B175B209AD02A00658A13 /* ParkingConfirmationViewController.swift in Sources */,
				691B175D209AD03300658A13 /* VehicleInformationViewController.swift in Sources */,
				691B1759209AD02200658A13 /* HostNameViewController.swift in Sources */,
			);
			runOnlyForDeploymentPostprocessing = 0;
		};
		69357728209AAF030022E235 /* Sources */ = {
			isa = PBXSourcesBuildPhase;
			buildActionMask = 2147483647;
			files = (
				69357731209AAF040022E235 /* MicrosoftArriveTests.swift in Sources */,
			);
			runOnlyForDeploymentPostprocessing = 0;
		};
		69357733209AAF040022E235 /* Sources */ = {
			isa = PBXSourcesBuildPhase;
			buildActionMask = 2147483647;
			files = (
				6935773C209AAF040022E235 /* MicrosoftArriveUITests.swift in Sources */,
			);
			runOnlyForDeploymentPostprocessing = 0;
		};
/* End PBXSourcesBuildPhase section */

/* Begin PBXTargetDependency section */
		6935772E209AAF030022E235 /* PBXTargetDependency */ = {
			isa = PBXTargetDependency;
			target = 69357717209AAF020022E235 /* MicrosoftArrive */;
			targetProxy = 6935772D209AAF030022E235 /* PBXContainerItemProxy */;
		};
		69357739209AAF040022E235 /* PBXTargetDependency */ = {
			isa = PBXTargetDependency;
			target = 69357717209AAF020022E235 /* MicrosoftArrive */;
			targetProxy = 69357738209AAF040022E235 /* PBXContainerItemProxy */;
		};
/* End PBXTargetDependency section */

/* Begin PBXVariantGroup section */
		6935771F209AAF020022E235 /* Main.storyboard */ = {
			isa = PBXVariantGroup;
			children = (
				69357720209AAF020022E235 /* Base */,
			);
			name = Main.storyboard;
			sourceTree = "<group>";
		};
		69357724209AAF030022E235 /* LaunchScreen.storyboard */ = {
			isa = PBXVariantGroup;
			children = (
				69357725209AAF030022E235 /* Base */,
			);
			name = LaunchScreen.storyboard;
			sourceTree = "<group>";
		};
/* End PBXVariantGroup section */

/* Begin XCBuildConfiguration section */
		6935773E209AAF040022E235 /* Debug */ = {
			isa = XCBuildConfiguration;
			buildSettings = {
				ALWAYS_SEARCH_USER_PATHS = NO;
				CLANG_ANALYZER_NONNULL = YES;
				CLANG_ANALYZER_NUMBER_OBJECT_CONVERSION = YES_AGGRESSIVE;
				CLANG_CXX_LANGUAGE_STANDARD = "gnu++14";
				CLANG_CXX_LIBRARY = "libc++";
				CLANG_ENABLE_MODULES = YES;
				CLANG_ENABLE_OBJC_ARC = YES;
				CLANG_ENABLE_OBJC_WEAK = YES;
				CLANG_WARN_BLOCK_CAPTURE_AUTORELEASING = YES;
				CLANG_WARN_BOOL_CONVERSION = YES;
				CLANG_WARN_COMMA = YES;
				CLANG_WARN_CONSTANT_CONVERSION = YES;
				CLANG_WARN_DEPRECATED_OBJC_IMPLEMENTATIONS = YES;
				CLANG_WARN_DIRECT_OBJC_ISA_USAGE = YES_ERROR;
				CLANG_WARN_DOCUMENTATION_COMMENTS = YES;
				CLANG_WARN_EMPTY_BODY = YES;
				CLANG_WARN_ENUM_CONVERSION = YES;
				CLANG_WARN_INFINITE_RECURSION = YES;
				CLANG_WARN_INT_CONVERSION = YES;
				CLANG_WARN_NON_LITERAL_NULL_CONVERSION = YES;
				CLANG_WARN_OBJC_IMPLICIT_RETAIN_SELF = YES;
				CLANG_WARN_OBJC_LITERAL_CONVERSION = YES;
				CLANG_WARN_OBJC_ROOT_CLASS = YES_ERROR;
				CLANG_WARN_RANGE_LOOP_ANALYSIS = YES;
				CLANG_WARN_STRICT_PROTOTYPES = YES;
				CLANG_WARN_SUSPICIOUS_MOVE = YES;
				CLANG_WARN_UNGUARDED_AVAILABILITY = YES_AGGRESSIVE;
				CLANG_WARN_UNREACHABLE_CODE = YES;
				CLANG_WARN__DUPLICATE_METHOD_MATCH = YES;
				CODE_SIGN_IDENTITY = "iPhone Developer";
				COPY_PHASE_STRIP = NO;
				DEBUG_INFORMATION_FORMAT = dwarf;
				ENABLE_STRICT_OBJC_MSGSEND = YES;
				ENABLE_TESTABILITY = YES;
				GCC_C_LANGUAGE_STANDARD = gnu11;
				GCC_DYNAMIC_NO_PIC = NO;
				GCC_NO_COMMON_BLOCKS = YES;
				GCC_OPTIMIZATION_LEVEL = 0;
				GCC_PREPROCESSOR_DEFINITIONS = (
					"DEBUG=1",
					"$(inherited)",
				);
				GCC_WARN_64_TO_32_BIT_CONVERSION = YES;
				GCC_WARN_ABOUT_RETURN_TYPE = YES_ERROR;
				GCC_WARN_UNDECLARED_SELECTOR = YES;
				GCC_WARN_UNINITIALIZED_AUTOS = YES_AGGRESSIVE;
				GCC_WARN_UNUSED_FUNCTION = YES;
				GCC_WARN_UNUSED_VARIABLE = YES;
				IPHONEOS_DEPLOYMENT_TARGET = 11.3;
				MTL_ENABLE_DEBUG_INFO = YES;
				ONLY_ACTIVE_ARCH = YES;
				SDKROOT = iphoneos;
				SWIFT_ACTIVE_COMPILATION_CONDITIONS = DEBUG;
				SWIFT_OPTIMIZATION_LEVEL = "-Onone";
			};
			name = Debug;
		};
		6935773F209AAF040022E235 /* Release */ = {
			isa = XCBuildConfiguration;
			buildSettings = {
				ALWAYS_SEARCH_USER_PATHS = NO;
				CLANG_ANALYZER_NONNULL = YES;
				CLANG_ANALYZER_NUMBER_OBJECT_CONVERSION = YES_AGGRESSIVE;
				CLANG_CXX_LANGUAGE_STANDARD = "gnu++14";
				CLANG_CXX_LIBRARY = "libc++";
				CLANG_ENABLE_MODULES = YES;
				CLANG_ENABLE_OBJC_ARC = YES;
				CLANG_ENABLE_OBJC_WEAK = YES;
				CLANG_WARN_BLOCK_CAPTURE_AUTORELEASING = YES;
				CLANG_WARN_BOOL_CONVERSION = YES;
				CLANG_WARN_COMMA = YES;
				CLANG_WARN_CONSTANT_CONVERSION = YES;
				CLANG_WARN_DEPRECATED_OBJC_IMPLEMENTATIONS = YES;
				CLANG_WARN_DIRECT_OBJC_ISA_USAGE = YES_ERROR;
				CLANG_WARN_DOCUMENTATION_COMMENTS = YES;
				CLANG_WARN_EMPTY_BODY = YES;
				CLANG_WARN_ENUM_CONVERSION = YES;
				CLANG_WARN_INFINITE_RECURSION = YES;
				CLANG_WARN_INT_CONVERSION = YES;
				CLANG_WARN_NON_LITERAL_NULL_CONVERSION = YES;
				CLANG_WARN_OBJC_IMPLICIT_RETAIN_SELF = YES;
				CLANG_WARN_OBJC_LITERAL_CONVERSION = YES;
				CLANG_WARN_OBJC_ROOT_CLASS = YES_ERROR;
				CLANG_WARN_RANGE_LOOP_ANALYSIS = YES;
				CLANG_WARN_STRICT_PROTOTYPES = YES;
				CLANG_WARN_SUSPICIOUS_MOVE = YES;
				CLANG_WARN_UNGUARDED_AVAILABILITY = YES_AGGRESSIVE;
				CLANG_WARN_UNREACHABLE_CODE = YES;
				CLANG_WARN__DUPLICATE_METHOD_MATCH = YES;
				CODE_SIGN_IDENTITY = "iPhone Developer";
				COPY_PHASE_STRIP = NO;
				DEBUG_INFORMATION_FORMAT = "dwarf-with-dsym";
				ENABLE_NS_ASSERTIONS = NO;
				ENABLE_STRICT_OBJC_MSGSEND = YES;
				GCC_C_LANGUAGE_STANDARD = gnu11;
				GCC_NO_COMMON_BLOCKS = YES;
				GCC_WARN_64_TO_32_BIT_CONVERSION = YES;
				GCC_WARN_ABOUT_RETURN_TYPE = YES_ERROR;
				GCC_WARN_UNDECLARED_SELECTOR = YES;
				GCC_WARN_UNINITIALIZED_AUTOS = YES_AGGRESSIVE;
				GCC_WARN_UNUSED_FUNCTION = YES;
				GCC_WARN_UNUSED_VARIABLE = YES;
				IPHONEOS_DEPLOYMENT_TARGET = 11.3;
				MTL_ENABLE_DEBUG_INFO = NO;
				SDKROOT = iphoneos;
				SWIFT_COMPILATION_MODE = wholemodule;
				SWIFT_OPTIMIZATION_LEVEL = "-O";
				VALIDATE_PRODUCT = YES;
			};
			name = Release;
		};
		69357741209AAF040022E235 /* Debug */ = {
			isa = XCBuildConfiguration;
			buildSettings = {
				ASSETCATALOG_COMPILER_APPICON_NAME = AppIcon;
				CODE_SIGN_STYLE = Automatic;
				DEVELOPMENT_TEAM = Y9586D42LK;
				INFOPLIST_FILE = MicrosoftArrive/Info.plist;
				LD_RUNPATH_SEARCH_PATHS = (
					"$(inherited)",
					"@executable_path/Frameworks",
				);
				PRODUCT_BUNDLE_IDENTIFIER = com.JG.MicrosoftArrive;
				PRODUCT_NAME = "$(TARGET_NAME)";
				SWIFT_VERSION = 4.0;
				TARGETED_DEVICE_FAMILY = "1,2";
			};
			name = Debug;
		};
		69357742209AAF040022E235 /* Release */ = {
			isa = XCBuildConfiguration;
			buildSettings = {
				ASSETCATALOG_COMPILER_APPICON_NAME = AppIcon;
				CODE_SIGN_STYLE = Automatic;
				DEVELOPMENT_TEAM = Y9586D42LK;
				INFOPLIST_FILE = MicrosoftArrive/Info.plist;
				LD_RUNPATH_SEARCH_PATHS = (
					"$(inherited)",
					"@executable_path/Frameworks",
				);
				PRODUCT_BUNDLE_IDENTIFIER = com.JG.MicrosoftArrive;
				PRODUCT_NAME = "$(TARGET_NAME)";
				SWIFT_VERSION = 4.0;
				TARGETED_DEVICE_FAMILY = "1,2";
			};
			name = Release;
		};
		69357744209AAF040022E235 /* Debug */ = {
			isa = XCBuildConfiguration;
			buildSettings = {
				ALWAYS_EMBED_SWIFT_STANDARD_LIBRARIES = YES;
				BUNDLE_LOADER = "$(TEST_HOST)";
				CODE_SIGN_STYLE = Automatic;
				DEVELOPMENT_TEAM = Y9586D42LK;
				INFOPLIST_FILE = MicrosoftArriveTests/Info.plist;
				LD_RUNPATH_SEARCH_PATHS = (
					"$(inherited)",
					"@executable_path/Frameworks",
					"@loader_path/Frameworks",
				);
				PRODUCT_BUNDLE_IDENTIFIER = com.JG.MicrosoftArriveTests;
				PRODUCT_NAME = "$(TARGET_NAME)";
				SWIFT_VERSION = 4.0;
				TARGETED_DEVICE_FAMILY = "1,2";
				TEST_HOST = "$(BUILT_PRODUCTS_DIR)/MicrosoftArrive.app/MicrosoftArrive";
			};
			name = Debug;
		};
		69357745209AAF040022E235 /* Release */ = {
			isa = XCBuildConfiguration;
			buildSettings = {
				ALWAYS_EMBED_SWIFT_STANDARD_LIBRARIES = YES;
				BUNDLE_LOADER = "$(TEST_HOST)";
				CODE_SIGN_STYLE = Automatic;
				DEVELOPMENT_TEAM = Y9586D42LK;
				INFOPLIST_FILE = MicrosoftArriveTests/Info.plist;
				LD_RUNPATH_SEARCH_PATHS = (
					"$(inherited)",
					"@executable_path/Frameworks",
					"@loader_path/Frameworks",
				);
				PRODUCT_BUNDLE_IDENTIFIER = com.JG.MicrosoftArriveTests;
				PRODUCT_NAME = "$(TARGET_NAME)";
				SWIFT_VERSION = 4.0;
				TARGETED_DEVICE_FAMILY = "1,2";
				TEST_HOST = "$(BUILT_PRODUCTS_DIR)/MicrosoftArrive.app/MicrosoftArrive";
			};
			name = Release;
		};
		69357747209AAF040022E235 /* Debug */ = {
			isa = XCBuildConfiguration;
			buildSettings = {
				ALWAYS_EMBED_SWIFT_STANDARD_LIBRARIES = YES;
				CODE_SIGN_STYLE = Automatic;
				DEVELOPMENT_TEAM = Y9586D42LK;
				INFOPLIST_FILE = MicrosoftArriveUITests/Info.plist;
				LD_RUNPATH_SEARCH_PATHS = (
					"$(inherited)",
					"@executable_path/Frameworks",
					"@loader_path/Frameworks",
				);
				PRODUCT_BUNDLE_IDENTIFIER = com.JG.MicrosoftArriveUITests;
				PRODUCT_NAME = "$(TARGET_NAME)";
				SWIFT_VERSION = 4.0;
				TARGETED_DEVICE_FAMILY = "1,2";
				TEST_TARGET_NAME = MicrosoftArrive;
			};
			name = Debug;
		};
		69357748209AAF040022E235 /* Release */ = {
			isa = XCBuildConfiguration;
			buildSettings = {
				ALWAYS_EMBED_SWIFT_STANDARD_LIBRARIES = YES;
				CODE_SIGN_STYLE = Automatic;
				DEVELOPMENT_TEAM = Y9586D42LK;
				INFOPLIST_FILE = MicrosoftArriveUITests/Info.plist;
				LD_RUNPATH_SEARCH_PATHS = (
					"$(inherited)",
					"@executable_path/Frameworks",
					"@loader_path/Frameworks",
				);
				PRODUCT_BUNDLE_IDENTIFIER = com.JG.MicrosoftArriveUITests;
				PRODUCT_NAME = "$(TARGET_NAME)";
				SWIFT_VERSION = 4.0;
				TARGETED_DEVICE_FAMILY = "1,2";
				TEST_TARGET_NAME = MicrosoftArrive;
			};
			name = Release;
		};
/* End XCBuildConfiguration section */

/* Begin XCConfigurationList section */
		69357713209AAF020022E235 /* Build configuration list for PBXProject "MicrosoftArrive" */ = {
			isa = XCConfigurationList;
			buildConfigurations = (
				6935773E209AAF040022E235 /* Debug */,
				6935773F209AAF040022E235 /* Release */,
			);
			defaultConfigurationIsVisible = 0;
			defaultConfigurationName = Release;
		};
		69357740209AAF040022E235 /* Build configuration list for PBXNativeTarget "MicrosoftArrive" */ = {
			isa = XCConfigurationList;
			buildConfigurations = (
				69357741209AAF040022E235 /* Debug */,
				69357742209AAF040022E235 /* Release */,
			);
			defaultConfigurationIsVisible = 0;
			defaultConfigurationName = Release;
		};
		69357743209AAF040022E235 /* Build configuration list for PBXNativeTarget "MicrosoftArriveTests" */ = {
			isa = XCConfigurationList;
			buildConfigurations = (
				69357744209AAF040022E235 /* Debug */,
				69357745209AAF040022E235 /* Release */,
			);
			defaultConfigurationIsVisible = 0;
			defaultConfigurationName = Release;
		};
		69357746209AAF040022E235 /* Build configuration list for PBXNativeTarget "MicrosoftArriveUITests" */ = {
			isa = XCConfigurationList;
			buildConfigurations = (
				69357747209AAF040022E235 /* Debug */,
				69357748209AAF040022E235 /* Release */,
			);
			defaultConfigurationIsVisible = 0;
			defaultConfigurationName = Release;
		};
/* End XCConfigurationList section */
	};
	rootObject = 69357710209AAF020022E235 /* Project object */;
}
